
Microsoft Visual Studio Solution File, Format Version 12.00
# Visual Studio 15
VisualStudioVersion = 15.0.27703.2042
MinimumVisualStudioVersion = 10.0.40219.1
Project("{FAE04EC0-301F-11D3-BF4B-00C04F79EFBC}") = "App01_TipoPaginaXF.Android", "App01_TipoPaginaXF\App01_TipoPaginaXF.Android\App01_TipoPaginaXF.Android.csproj", "{F6D628A9-BBA5-4EEA-AC4B-62E86C70C773}"
EndProject
Project("{FAE04EC0-301F-11D3-BF4B-00C04F79EFBC}") = "App01_TipoPaginaXF.iOS", "App01_TipoPaginaXF\App01_TipoPaginaXF.iOS\App01_TipoPaginaXF.iOS.csproj", "{61646790-EB30-436F-87F6-F61668285F2F}"
EndProject
Project("{FAE04EC0-301F-11D3-BF4B-00C04F79EFBC}") = "App01_TipoPaginaXF", "App01_TipoPaginaXF\App01_TipoPaginaXF\App01_TipoPaginaXF.csproj", "{31D64289-642D-4C53-956E-539B52FBC5E5}"
EndProject
Global
	GlobalSection(SolutionConfigurationPlatforms) = preSolution
		Ad-Hoc|Any CPU = Ad-Hoc|Any CPU
		Ad-Hoc|iPhone = Ad-Hoc|iPhone
		Ad-Hoc|iPhoneSimulator = Ad-Hoc|iPhoneSimulator
		AppStore|Any CPU = AppStore|Any CPU
		AppStore|iPhone = AppStore|iPhone
		AppStore|iPhoneSimulator = AppStore|iPhoneSimulator
		Debug|Any CPU = Debug|Any CPU
		Debug|iPhone = Debug|iPhone
		Debug|iPhoneSimulator = Debug|iPhoneSimulator
		Release|Any CPU = Release|Any CPU
		Release|iPhone = Release|iPhone
		Release|iPhoneSimulator = Release|iPhoneSimulator
	EndGlobalSection
	GlobalSection(ProjectConfigurationPlatforms) = postSolution
		{F6D628A9-BBA5-4EEA-AC4B-62E86C70C773}.Ad-Hoc|Any CPU.ActiveCfg = Release|Any CPU
		{F6D628A9-BBA5-4EEA-AC4B-62E86C70C773}.Ad-Hoc|Any CPU.Build.0 = Release|Any CPU
		{F6D628A9-BBA5-4EEA-AC4B-62E86C70C773}.Ad-Hoc|Any CPU.Deploy.0 = Release|Any CPU
		{F6D628A9-BBA5-4EEA-AC4B-62E86C70C773}.Ad-Hoc|iPhone.ActiveCfg = Release|Any CPU
		{F6D628A9-BBA5-4EEA-AC4B-62E86C70C773}.Ad-Hoc|iPhone.Build.0 = Release|Any CPU
		{F6D628A9-BBA5-4EEA-AC4B-62E86C70C773}.Ad-Hoc|iPhone.Deploy.0 = Release|Any CPU
		{F6D628A9-BBA5-4EEA-AC4B-62E86C70C773}.Ad-Hoc|iPhoneSimulator.ActiveCfg = Release|Any CPU
		{F6D628A9-BBA5-4EEA-AC4B-62E86C70C773}.Ad-Hoc|iPhoneSimulator.Build.0 = Release|Any CPU
		{F6D628A9-BBA5-4EEA-AC4B-62E86C70C773}.Ad-Hoc|iPhoneSimulator.Deploy.0 = Release|Any CPU
		{F6D628A9-BBA5-4EEA-AC4B-62E86C70C773}.AppStore|Any CPU.ActiveCfg = Release|Any CPU
		{F6D628A9-BBA5-4EEA-AC4B-62E86C70C773}.AppStore|Any CPU.Build.0 = Release|Any CPU
		{F6D628A9-BBA5-4EEA-AC4B-62E86C70C773}.AppStore|Any CPU.Deploy.0 = Release|Any CPU
		{F6D628A9-BBA5-4EEA-AC4B-62E86C70C773}.AppStore|iPhone.ActiveCfg = Release|Any CPU
		{F6D628A9-BBA5-4EEA-AC4B-62E86C70C773}.AppStore|iPhone.Build.0 = Release|Any CPU
		{F6D628A9-BBA5-4EEA-AC4B-62E86C70C773}.AppStore|iPhone.Deploy.0 = Release|Any CPU
		{F6D628A9-BBA5-4EEA-AC4B-62E86C70C773}.AppStore|iPhoneSimulator.ActiveCfg = Release|Any CPU
		{F6D628A9-BBA5-4EEA-AC4B-62E86C70C773}.AppStore|iPhoneSimulator.Build.0 = Release|Any CPU
		{F6D628A9-BBA5-4EEA-AC4B-62E86C70C773}.AppStore|iPhoneSimulator.Deploy.0 = Release|Any CPU
		{F6D628A9-BBA5-4EEA-AC4B-62E86C70C773}.Debug|Any CPU.ActiveCfg = Debug|Any CPU
		{F6D628A9-BBA5-4EEA-AC4B-62E86C70C773}.Debug|Any CPU.Build.0 = Debug|Any CPU
		{F6D628A9-BBA5-4EEA-AC4B-62E86C70C773}.Debug|Any CPU.Deploy.0 = Debug|Any CPU
		{F6D628A9-BBA5-4EEA-AC4B-62E86C70C773}.Debug|iPhone.ActiveCfg = Debug|Any CPU
		{F6D628A9-BBA5-4EEA-AC4B-62E86C70C773}.Debug|iPhone.Build.0 = Debug|Any CPU
		{F6D628A9-BBA5-4EEA-AC4B-62E86C70C773}.Debug|iPhone.Deploy.0 = Debug|Any CPU
		{F6D628A9-BBA5-4EEA-AC4B-62E86C70C773}.Debug|iPhoneSimulator.ActiveCfg = Debug|Any CPU
		{F6D628A9-BBA5-4EEA-AC4B-62E86C70C773}.Debug|iPhoneSimulator.Build.0 = Debug|Any CPU
		{F6D628A9-BBA5-4EEA-AC4B-62E86C70C773}.Debug|iPhoneSimulator.Deploy.0 = Debug|Any CPU
		{F6D628A9-BBA5-4EEA-AC4B-62E86C70C773}.Release|Any CPU.ActiveCfg = Release|Any CPU
		{F6D628A9-BBA5-4EEA-AC4B-62E86C70C773}.Release|Any CPU.Build.0 = Release|Any CPU
		{F6D628A9-BBA5-4EEA-AC4B-62E86C70C773}.Release|Any CPU.Deploy.0 = Release|Any CPU
		{F6D628A9-BBA5-4EEA-AC4B-62E86C70C773}.Release|iPhone.ActiveCfg = Release|Any CPU
		{F6D628A9-BBA5-4EEA-AC4B-62E86C70C773}.Release|iPhone.Build.0 = Release|Any CPU
		{F6D628A9-BBA5-4EEA-AC4B-62E86C70C773}.Release|iPhone.Deploy.0 = Release|Any CPU
		{F6D628A9-BBA5-4EEA-AC4B-62E86C70C773}.Release|iPhoneSimulator.ActiveCfg = Release|Any CPU
		{F6D628A9-BBA5-4EEA-AC4B-62E86C70C773}.Release|iPhoneSimulator.Build.0 = Release|Any CPU
		{F6D628A9-BBA5-4EEA-AC4B-62E86C70C773}.Release|iPhoneSimulator.Deploy.0 = Release|Any CPU
		{61646790-EB30-436F-87F6-F61668285F2F}.Ad-Hoc|Any CPU.ActiveCfg = Ad-Hoc|iPhone
		{61646790-EB30-436F-87F6-F61668285F2F}.Ad-Hoc|Any CPU.Build.0 = Ad-Hoc|iPhone
		{61646790-EB30-436F-87F6-F61668285F2F}.Ad-Hoc|Any CPU.Deploy.0 = Ad-Hoc|iPhone
		{61646790-EB30-436F-87F6-F61668285F2F}.Ad-Hoc|iPhone.ActiveCfg = Ad-Hoc|iPhone
		{61646790-EB30-436F-87F6-F61668285F2F}.Ad-Hoc|iPhone.Build.0 = Ad-Hoc|iPhone
		{61646790-EB30-436F-87F6-F61668285F2F}.Ad-Hoc|iPhone.Deploy.0 = Ad-Hoc|iPhone
		{61646790-EB30-436F-87F6-F61668285F2F}.Ad-Hoc|iPhoneSimulator.ActiveCfg = Ad-Hoc|iPhoneSimulator
		{61646790-EB30-436F-87F6-F61668285F2F}.Ad-Hoc|iPhoneSimulator.Build.0 = Ad-Hoc|iPhoneSimulator
		{61646790-EB30-436F-87F6-F61668285F2F}.Ad-Hoc|iPhoneSimulator.Deploy.0 = Ad-Hoc|iPhoneSimulator
		{61646790-EB30-436F-87F6-F61668285F2F}.AppStore|Any CPU.ActiveCfg = AppStore|iPhone
		{61646790-EB30-436F-87F6-F61668285F2F}.AppStore|Any CPU.Build.0 = AppStore|iPhone
		{61646790-EB30-436F-87F6-F61668285F2F}.AppStore|Any CPU.Deploy.0 = AppStore|iPhone
		{61646790-EB30-436F-87F6-F61668285F2F}.AppStore|iPhone.ActiveCfg = AppStore|iPhone
		{61646790-EB30-436F-87F6-F61668285F2F}.AppStore|iPhone.Build.0 = AppStore|iPhone
		{61646790-EB30-436F-87F6-F61668285F2F}.AppStore|iPhone.Deploy.0 = AppStore|iPhone
		{61646790-EB30-436F-87F6-F61668285F2F}.AppStore|iPhoneSimulator.ActiveCfg = AppStore|iPhoneSimulator
		{61646790-EB30-436F-87F6-F61668285F2F}.AppStore|iPhoneSimulator.Build.0 = AppStore|iPhoneSimulator
		{61646790-EB30-436F-87F6-F61668285F2F}.AppStore|iPhoneSimulator.Deploy.0 = AppStore|iPhoneSimulator
		{61646790-EB30-436F-87F6-F61668285F2F}.Debug|Any CPU.ActiveCfg = Debug|iPhoneSimulator
		{61646790-EB30-436F-87F6-F61668285F2F}.Debug|Any CPU.Build.0 = Debug|iPhoneSimulator
		{61646790-EB30-436F-87F6-F61668285F2F}.Debug|Any CPU.Deploy.0 = Debug|iPhoneSimulator
		{61646790-EB30-436F-87F6-F61668285F2F}.Debug|iPhone.ActiveCfg = Debug|iPhone
		{61646790-EB30-436F-87F6-F61668285F2F}.Debug|iPhone.Build.0 = Debug|iPhone
		{61646790-EB30-436F-87F6-F61668285F2F}.Debug|iPhone.Deploy.0 = Debug|iPhone
		{61646790-EB30-436F-87F6-F61668285F2F}.Debug|iPhoneSimulator.ActiveCfg = Debug|iPhoneSimulator
		{61646790-EB30-436F-87F6-F61668285F2F}.Debug|iPhoneSimulator.Build.0 = Debug|iPhoneSimulator
		{61646790-EB30-436F-87F6-F61668285F2F}.Debug|iPhoneSimulator.Deploy.0 = Debug|iPhoneSimulator
		{61646790-EB30-436F-87F6-F61668285F2F}.Release|Any CPU.ActiveCfg = Release|iPhone
		{61646790-EB30-436F-87F6-F61668285F2F}.Release|Any CPU.Build.0 = Release|iPhone
		{61646790-EB30-436F-87F6-F61668285F2F}.Release|Any CPU.Deploy.0 = Release|iPhone
		{61646790-EB30-436F-87F6-F61668285F2F}.Release|iPhone.ActiveCfg = Release|iPhone
		{61646790-EB30-436F-87F6-F61668285F2F}.Release|iPhone.Build.0 = Release|iPhone
		{61646790-EB30-436F-87F6-F61668285F2F}.Release|iPhone.Deploy.0 = Release|iPhone
		{61646790-EB30-436F-87F6-F61668285F2F}.Release|iPhoneSimulator.ActiveCfg = Release|iPhoneSimulator
		{61646790-EB30-436F-87F6-F61668285F2F}.Release|iPhoneSimulator.Build.0 = Release|iPhoneSimulator
		{61646790-EB30-436F-87F6-F61668285F2F}.Release|iPhoneSimulator.Deploy.0 = Release|iPhoneSimulator
		{31D64289-642D-4C53-956E-539B52FBC5E5}.Ad-Hoc|Any CPU.ActiveCfg = Debug|Any CPU
		{31D64289-642D-4C53-956E-539B52FBC5E5}.Ad-Hoc|Any CPU.Build.0 = Debug|Any CPU
		{31D64289-642D-4C53-956E-539B52FBC5E5}.Ad-Hoc|Any CPU.Deploy.0 = Debug|Any CPU
		{31D64289-642D-4C53-956E-539B52FBC5E5}.Ad-Hoc|iPhone.ActiveCfg = Debug|Any CPU
		{31D64289-642D-4C53-956E-539B52FBC5E5}.Ad-Hoc|iPhone.Build.0 = Debug|Any CPU
		{31D64289-642D-4C53-956E-539B52FBC5E5}.Ad-Hoc|iPhone.Deploy.0 = Debug|Any CPU
		{31D64289-642D-4C53-956E-539B52FBC5E5}.Ad-Hoc|iPhoneSimulator.ActiveCfg = Debug|Any CPU
		{31D64289-642D-4C53-956E-539B52FBC5E5}.Ad-Hoc|iPhoneSimulator.Build.0 = Debug|Any CPU
		{31D64289-642D-4C53-956E-539B52FBC5E5}.Ad-Hoc|iPhoneSimulator.Deploy.0 = Debug|Any CPU
		{31D64289-642D-4C53-956E-539B52FBC5E5}.AppStore|Any CPU.ActiveCfg = Debug|Any CPU
		{31D64289-642D-4C53-956E-539B52FBC5E5}.AppStore|Any CPU.Build.0 = Debug|Any CPU
		{31D64289-642D-4C53-956E-539B52FBC5E5}.AppStore|Any CPU.Deploy.0 = Debug|Any CPU
		{31D64289-642D-4C53-956E-539B52FBC5E5}.AppStore|iPhone.ActiveCfg = Debug|Any CPU
		{31D64289-642D-4C53-956E-539B52FBC5E5}.AppStore|iPhone.Build.0 = Debug|Any CPU
		{31D64289-642D-4C53-956E-539B52FBC5E5}.AppStore|iPhone.Deploy.0 = Debug|Any CPU
		{31D64289-642D-4C53-956E-539B52FBC5E5}.AppStore|iPhoneSimulator.ActiveCfg = Debug|Any CPU
		{31D64289-642D-4C53-956E-539B52FBC5E5}.AppStore|iPhoneSimulator.Build.0 = Debug|Any CPU
		{31D64289-642D-4C53-956E-539B52FBC5E5}.AppStore|iPhoneSimulator.Deploy.0 = Debug|Any CPU
		{31D64289-642D-4C53-956E-539B52FBC5E5}.Debug|Any CPU.ActiveCfg = Debug|Any CPU
		{31D64289-642D-4C53-956E-539B52FBC5E5}.Debug|Any CPU.Build.0 = Debug|Any CPU
		{31D64289-642D-4C53-956E-539B52FBC5E5}.Debug|Any CPU.Deploy.0 = Debug|Any CPU
		{31D64289-642D-4C53-956E-539B52FBC5E5}.Debug|iPhone.ActiveCfg = Debug|Any CPU
		{31D64289-642D-4C53-956E-539B52FBC5E5}.Debug|iPhone.Build.0 = Debug|Any CPU
		{31D64289-642D-4C53-956E-539B52FBC5E5}.Debug|iPhone.Deploy.0 = Debug|Any CPU
		{31D64289-642D-4C53-956E-539B52FBC5E5}.Debug|iPhoneSimulator.ActiveCfg = Debug|Any CPU
		{31D64289-642D-4C53-956E-539B52FBC5E5}.Debug|iPhoneSimulator.Build.0 = Debug|Any CPU
		{31D64289-642D-4C53-956E-539B52FBC5E5}.Debug|iPhoneSimulator.Deploy.0 = Debug|Any CPU
		{31D64289-642D-4C53-956E-539B52FBC5E5}.Release|Any CPU.ActiveCfg = Release|Any CPU
		{31D64289-642D-4C53-956E-539B52FBC5E5}.Release|Any CPU.Build.0 = Release|Any CPU
		{31D64289-642D-4C53-956E-539B52FBC5E5}.Release|Any CPU.Deploy.0 = Release|Any CPU
		{31D64289-642D-4C53-956E-539B52FBC5E5}.Release|iPhone.ActiveCfg = Release|Any CPU
		{31D64289-642D-4C53-956E-539B52FBC5E5}.Release|iPhone.Build.0 = Release|Any CPU
		{31D64289-642D-4C53-956E-539B52FBC5E5}.Release|iPhone.Deploy.0 = Release|Any CPU
		{31D64289-642D-4C53-956E-539B52FBC5E5}.Release|iPhoneSimulator.ActiveCfg = Release|Any CPU
		{31D64289-642D-4C53-956E-539B52FBC5E5}.Release|iPhoneSimulator.Build.0 = Release|Any CPU
		{31D64289-642D-4C53-956E-539B52FBC5E5}.Release|iPhoneSimulator.Deploy.0 = Release|Any CPU
	EndGlobalSection
	GlobalSection(SolutionProperties) = preSolution
		HideSolutionNode = FALSE
	EndGlobalSection
	GlobalSection(ExtensibilityGlobals) = postSolution
		SolutionGuid = {7DF428D2-F9AF-4F9A-9B4A-B261CAF264EF}
	EndGlobalSection
EndGlobal
