
Microsoft Visual Studio Solution File, Format Version 12.00
# Visual Studio 15
VisualStudioVersion = 15.0.27703.2042
MinimumVisualStudioVersion = 10.0.40219.1
Project("{FAE04EC0-301F-11D3-BF4B-00C04F79EFBC}") = "Phoneword.Android", "Phoneword\Phoneword.Android\Phoneword.Android.csproj", "{C3FF7EE7-2452-4AEA-99C6-C4F8BD6B736B}"
EndProject
Project("{FAE04EC0-301F-11D3-BF4B-00C04F79EFBC}") = "Phoneword.iOS", "Phoneword\Phoneword.iOS\Phoneword.iOS.csproj", "{C664C351-8125-4364-A214-E3D4FE08F3FB}"
EndProject
Project("{FAE04EC0-301F-11D3-BF4B-00C04F79EFBC}") = "Phoneword", "Phoneword\Phoneword\Phoneword.csproj", "{A233BD95-100E-4B5D-8CC7-FC97E9471095}"
EndProject
Global
	GlobalSection(SolutionConfigurationPlatforms) = preSolution
		Ad-Hoc|Any CPU = Ad-Hoc|Any CPU
		Ad-Hoc|iPhone = Ad-Hoc|iPhone
		Ad-Hoc|iPhoneSimulator = Ad-Hoc|iPhoneSimulator
		AppStore|Any CPU = AppStore|Any CPU
		AppStore|iPhone = AppStore|iPhone
		AppStore|iPhoneSimulator = AppStore|iPhoneSimulator
		Debug|Any CPU = Debug|Any CPU
		Debug|iPhone = Debug|iPhone
		Debug|iPhoneSimulator = Debug|iPhoneSimulator
		Release|Any CPU = Release|Any CPU
		Release|iPhone = Release|iPhone
		Release|iPhoneSimulator = Release|iPhoneSimulator
	EndGlobalSection
	GlobalSection(ProjectConfigurationPlatforms) = postSolution
		{C3FF7EE7-2452-4AEA-99C6-C4F8BD6B736B}.Ad-Hoc|Any CPU.ActiveCfg = Release|Any CPU
		{C3FF7EE7-2452-4AEA-99C6-C4F8BD6B736B}.Ad-Hoc|Any CPU.Build.0 = Release|Any CPU
		{C3FF7EE7-2452-4AEA-99C6-C4F8BD6B736B}.Ad-Hoc|Any CPU.Deploy.0 = Release|Any CPU
		{C3FF7EE7-2452-4AEA-99C6-C4F8BD6B736B}.Ad-Hoc|iPhone.ActiveCfg = Release|Any CPU
		{C3FF7EE7-2452-4AEA-99C6-C4F8BD6B736B}.Ad-Hoc|iPhone.Build.0 = Release|Any CPU
		{C3FF7EE7-2452-4AEA-99C6-C4F8BD6B736B}.Ad-Hoc|iPhone.Deploy.0 = Release|Any CPU
		{C3FF7EE7-2452-4AEA-99C6-C4F8BD6B736B}.Ad-Hoc|iPhoneSimulator.ActiveCfg = Release|Any CPU
		{C3FF7EE7-2452-4AEA-99C6-C4F8BD6B736B}.Ad-Hoc|iPhoneSimulator.Build.0 = Release|Any CPU
		{C3FF7EE7-2452-4AEA-99C6-C4F8BD6B736B}.Ad-Hoc|iPhoneSimulator.Deploy.0 = Release|Any CPU
		{C3FF7EE7-2452-4AEA-99C6-C4F8BD6B736B}.AppStore|Any CPU.ActiveCfg = Release|Any CPU
		{C3FF7EE7-2452-4AEA-99C6-C4F8BD6B736B}.AppStore|Any CPU.Build.0 = Release|Any CPU
		{C3FF7EE7-2452-4AEA-99C6-C4F8BD6B736B}.AppStore|Any CPU.Deploy.0 = Release|Any CPU
		{C3FF7EE7-2452-4AEA-99C6-C4F8BD6B736B}.AppStore|iPhone.ActiveCfg = Release|Any CPU
		{C3FF7EE7-2452-4AEA-99C6-C4F8BD6B736B}.AppStore|iPhone.Build.0 = Release|Any CPU
		{C3FF7EE7-2452-4AEA-99C6-C4F8BD6B736B}.AppStore|iPhone.Deploy.0 = Release|Any CPU
		{C3FF7EE7-2452-4AEA-99C6-C4F8BD6B736B}.AppStore|iPhoneSimulator.ActiveCfg = Release|Any CPU
		{C3FF7EE7-2452-4AEA-99C6-C4F8BD6B736B}.AppStore|iPhoneSimulator.Build.0 = Release|Any CPU
		{C3FF7EE7-2452-4AEA-99C6-C4F8BD6B736B}.AppStore|iPhoneSimulator.Deploy.0 = Release|Any CPU
		{C3FF7EE7-2452-4AEA-99C6-C4F8BD6B736B}.Debug|Any CPU.ActiveCfg = Debug|Any CPU
		{C3FF7EE7-2452-4AEA-99C6-C4F8BD6B736B}.Debug|Any CPU.Build.0 = Debug|Any CPU
		{C3FF7EE7-2452-4AEA-99C6-C4F8BD6B736B}.Debug|Any CPU.Deploy.0 = Debug|Any CPU
		{C3FF7EE7-2452-4AEA-99C6-C4F8BD6B736B}.Debug|iPhone.ActiveCfg = Debug|Any CPU
		{C3FF7EE7-2452-4AEA-99C6-C4F8BD6B736B}.Debug|iPhone.Build.0 = Debug|Any CPU
		{C3FF7EE7-2452-4AEA-99C6-C4F8BD6B736B}.Debug|iPhone.Deploy.0 = Debug|Any CPU
		{C3FF7EE7-2452-4AEA-99C6-C4F8BD6B736B}.Debug|iPhoneSimulator.ActiveCfg = Debug|Any CPU
		{C3FF7EE7-2452-4AEA-99C6-C4F8BD6B736B}.Debug|iPhoneSimulator.Build.0 = Debug|Any CPU
		{C3FF7EE7-2452-4AEA-99C6-C4F8BD6B736B}.Debug|iPhoneSimulator.Deploy.0 = Debug|Any CPU
		{C3FF7EE7-2452-4AEA-99C6-C4F8BD6B736B}.Release|Any CPU.ActiveCfg = Release|Any CPU
		{C3FF7EE7-2452-4AEA-99C6-C4F8BD6B736B}.Release|Any CPU.Build.0 = Release|Any CPU
		{C3FF7EE7-2452-4AEA-99C6-C4F8BD6B736B}.Release|Any CPU.Deploy.0 = Release|Any CPU
		{C3FF7EE7-2452-4AEA-99C6-C4F8BD6B736B}.Release|iPhone.ActiveCfg = Release|Any CPU
		{C3FF7EE7-2452-4AEA-99C6-C4F8BD6B736B}.Release|iPhone.Build.0 = Release|Any CPU
		{C3FF7EE7-2452-4AEA-99C6-C4F8BD6B736B}.Release|iPhone.Deploy.0 = Release|Any CPU
		{C3FF7EE7-2452-4AEA-99C6-C4F8BD6B736B}.Release|iPhoneSimulator.ActiveCfg = Release|Any CPU
		{C3FF7EE7-2452-4AEA-99C6-C4F8BD6B736B}.Release|iPhoneSimulator.Build.0 = Release|Any CPU
		{C3FF7EE7-2452-4AEA-99C6-C4F8BD6B736B}.Release|iPhoneSimulator.Deploy.0 = Release|Any CPU
		{C664C351-8125-4364-A214-E3D4FE08F3FB}.Ad-Hoc|Any CPU.ActiveCfg = Ad-Hoc|iPhone
		{C664C351-8125-4364-A214-E3D4FE08F3FB}.Ad-Hoc|Any CPU.Build.0 = Ad-Hoc|iPhone
		{C664C351-8125-4364-A214-E3D4FE08F3FB}.Ad-Hoc|Any CPU.Deploy.0 = Ad-Hoc|iPhone
		{C664C351-8125-4364-A214-E3D4FE08F3FB}.Ad-Hoc|iPhone.ActiveCfg = Ad-Hoc|iPhone
		{C664C351-8125-4364-A214-E3D4FE08F3FB}.Ad-Hoc|iPhone.Build.0 = Ad-Hoc|iPhone
		{C664C351-8125-4364-A214-E3D4FE08F3FB}.Ad-Hoc|iPhone.Deploy.0 = Ad-Hoc|iPhone
		{C664C351-8125-4364-A214-E3D4FE08F3FB}.Ad-Hoc|iPhoneSimulator.ActiveCfg = Ad-Hoc|iPhoneSimulator
		{C664C351-8125-4364-A214-E3D4FE08F3FB}.Ad-Hoc|iPhoneSimulator.Build.0 = Ad-Hoc|iPhoneSimulator
		{C664C351-8125-4364-A214-E3D4FE08F3FB}.Ad-Hoc|iPhoneSimulator.Deploy.0 = Ad-Hoc|iPhoneSimulator
		{C664C351-8125-4364-A214-E3D4FE08F3FB}.AppStore|Any CPU.ActiveCfg = AppStore|iPhone
		{C664C351-8125-4364-A214-E3D4FE08F3FB}.AppStore|Any CPU.Build.0 = AppStore|iPhone
		{C664C351-8125-4364-A214-E3D4FE08F3FB}.AppStore|Any CPU.Deploy.0 = AppStore|iPhone
		{C664C351-8125-4364-A214-E3D4FE08F3FB}.AppStore|iPhone.ActiveCfg = AppStore|iPhone
		{C664C351-8125-4364-A214-E3D4FE08F3FB}.AppStore|iPhone.Build.0 = AppStore|iPhone
		{C664C351-8125-4364-A214-E3D4FE08F3FB}.AppStore|iPhone.Deploy.0 = AppStore|iPhone
		{C664C351-8125-4364-A214-E3D4FE08F3FB}.AppStore|iPhoneSimulator.ActiveCfg = AppStore|iPhoneSimulator
		{C664C351-8125-4364-A214-E3D4FE08F3FB}.AppStore|iPhoneSimulator.Build.0 = AppStore|iPhoneSimulator
		{C664C351-8125-4364-A214-E3D4FE08F3FB}.AppStore|iPhoneSimulator.Deploy.0 = AppStore|iPhoneSimulator
		{C664C351-8125-4364-A214-E3D4FE08F3FB}.Debug|Any CPU.ActiveCfg = Debug|iPhoneSimulator
		{C664C351-8125-4364-A214-E3D4FE08F3FB}.Debug|Any CPU.Build.0 = Debug|iPhoneSimulator
		{C664C351-8125-4364-A214-E3D4FE08F3FB}.Debug|Any CPU.Deploy.0 = Debug|iPhoneSimulator
		{C664C351-8125-4364-A214-E3D4FE08F3FB}.Debug|iPhone.ActiveCfg = Debug|iPhone
		{C664C351-8125-4364-A214-E3D4FE08F3FB}.Debug|iPhone.Build.0 = Debug|iPhone
		{C664C351-8125-4364-A214-E3D4FE08F3FB}.Debug|iPhone.Deploy.0 = Debug|iPhone
		{C664C351-8125-4364-A214-E3D4FE08F3FB}.Debug|iPhoneSimulator.ActiveCfg = Debug|iPhoneSimulator
		{C664C351-8125-4364-A214-E3D4FE08F3FB}.Debug|iPhoneSimulator.Build.0 = Debug|iPhoneSimulator
		{C664C351-8125-4364-A214-E3D4FE08F3FB}.Debug|iPhoneSimulator.Deploy.0 = Debug|iPhoneSimulator
		{C664C351-8125-4364-A214-E3D4FE08F3FB}.Release|Any CPU.ActiveCfg = Release|iPhone
		{C664C351-8125-4364-A214-E3D4FE08F3FB}.Release|Any CPU.Build.0 = Release|iPhone
		{C664C351-8125-4364-A214-E3D4FE08F3FB}.Release|Any CPU.Deploy.0 = Release|iPhone
		{C664C351-8125-4364-A214-E3D4FE08F3FB}.Release|iPhone.ActiveCfg = Release|iPhone
		{C664C351-8125-4364-A214-E3D4FE08F3FB}.Release|iPhone.Build.0 = Release|iPhone
		{C664C351-8125-4364-A214-E3D4FE08F3FB}.Release|iPhone.Deploy.0 = Release|iPhone
		{C664C351-8125-4364-A214-E3D4FE08F3FB}.Release|iPhoneSimulator.ActiveCfg = Release|iPhoneSimulator
		{C664C351-8125-4364-A214-E3D4FE08F3FB}.Release|iPhoneSimulator.Build.0 = Release|iPhoneSimulator
		{C664C351-8125-4364-A214-E3D4FE08F3FB}.Release|iPhoneSimulator.Deploy.0 = Release|iPhoneSimulator
		{A233BD95-100E-4B5D-8CC7-FC97E9471095}.Ad-Hoc|Any CPU.ActiveCfg = Debug|Any CPU
		{A233BD95-100E-4B5D-8CC7-FC97E9471095}.Ad-Hoc|Any CPU.Build.0 = Debug|Any CPU
		{A233BD95-100E-4B5D-8CC7-FC97E9471095}.Ad-Hoc|Any CPU.Deploy.0 = Debug|Any CPU
		{A233BD95-100E-4B5D-8CC7-FC97E9471095}.Ad-Hoc|iPhone.ActiveCfg = Debug|Any CPU
		{A233BD95-100E-4B5D-8CC7-FC97E9471095}.Ad-Hoc|iPhone.Build.0 = Debug|Any CPU
		{A233BD95-100E-4B5D-8CC7-FC97E9471095}.Ad-Hoc|iPhone.Deploy.0 = Debug|Any CPU
		{A233BD95-100E-4B5D-8CC7-FC97E9471095}.Ad-Hoc|iPhoneSimulator.ActiveCfg = Debug|Any CPU
		{A233BD95-100E-4B5D-8CC7-FC97E9471095}.Ad-Hoc|iPhoneSimulator.Build.0 = Debug|Any CPU
		{A233BD95-100E-4B5D-8CC7-FC97E9471095}.Ad-Hoc|iPhoneSimulator.Deploy.0 = Debug|Any CPU
		{A233BD95-100E-4B5D-8CC7-FC97E9471095}.AppStore|Any CPU.ActiveCfg = Debug|Any CPU
		{A233BD95-100E-4B5D-8CC7-FC97E9471095}.AppStore|Any CPU.Build.0 = Debug|Any CPU
		{A233BD95-100E-4B5D-8CC7-FC97E9471095}.AppStore|Any CPU.Deploy.0 = Debug|Any CPU
		{A233BD95-100E-4B5D-8CC7-FC97E9471095}.AppStore|iPhone.ActiveCfg = Debug|Any CPU
		{A233BD95-100E-4B5D-8CC7-FC97E9471095}.AppStore|iPhone.Build.0 = Debug|Any CPU
		{A233BD95-100E-4B5D-8CC7-FC97E9471095}.AppStore|iPhone.Deploy.0 = Debug|Any CPU
		{A233BD95-100E-4B5D-8CC7-FC97E9471095}.AppStore|iPhoneSimulator.ActiveCfg = Debug|Any CPU
		{A233BD95-100E-4B5D-8CC7-FC97E9471095}.AppStore|iPhoneSimulator.Build.0 = Debug|Any CPU
		{A233BD95-100E-4B5D-8CC7-FC97E9471095}.AppStore|iPhoneSimulator.Deploy.0 = Debug|Any CPU
		{A233BD95-100E-4B5D-8CC7-FC97E9471095}.Debug|Any CPU.ActiveCfg = Debug|Any CPU
		{A233BD95-100E-4B5D-8CC7-FC97E9471095}.Debug|Any CPU.Build.0 = Debug|Any CPU
		{A233BD95-100E-4B5D-8CC7-FC97E9471095}.Debug|Any CPU.Deploy.0 = Debug|Any CPU
		{A233BD95-100E-4B5D-8CC7-FC97E9471095}.Debug|iPhone.ActiveCfg = Debug|Any CPU
		{A233BD95-100E-4B5D-8CC7-FC97E9471095}.Debug|iPhone.Build.0 = Debug|Any CPU
		{A233BD95-100E-4B5D-8CC7-FC97E9471095}.Debug|iPhone.Deploy.0 = Debug|Any CPU
		{A233BD95-100E-4B5D-8CC7-FC97E9471095}.Debug|iPhoneSimulator.ActiveCfg = Debug|Any CPU
		{A233BD95-100E-4B5D-8CC7-FC97E9471095}.Debug|iPhoneSimulator.Build.0 = Debug|Any CPU
		{A233BD95-100E-4B5D-8CC7-FC97E9471095}.Debug|iPhoneSimulator.Deploy.0 = Debug|Any CPU
		{A233BD95-100E-4B5D-8CC7-FC97E9471095}.Release|Any CPU.ActiveCfg = Release|Any CPU
		{A233BD95-100E-4B5D-8CC7-FC97E9471095}.Release|Any CPU.Build.0 = Release|Any CPU
		{A233BD95-100E-4B5D-8CC7-FC97E9471095}.Release|Any CPU.Deploy.0 = Release|Any CPU
		{A233BD95-100E-4B5D-8CC7-FC97E9471095}.Release|iPhone.ActiveCfg = Release|Any CPU
		{A233BD95-100E-4B5D-8CC7-FC97E9471095}.Release|iPhone.Build.0 = Release|Any CPU
		{A233BD95-100E-4B5D-8CC7-FC97E9471095}.Release|iPhone.Deploy.0 = Release|Any CPU
		{A233BD95-100E-4B5D-8CC7-FC97E9471095}.Release|iPhoneSimulator.ActiveCfg = Release|Any CPU
		{A233BD95-100E-4B5D-8CC7-FC97E9471095}.Release|iPhoneSimulator.Build.0 = Release|Any CPU
		{A233BD95-100E-4B5D-8CC7-FC97E9471095}.Release|iPhoneSimulator.Deploy.0 = Release|Any CPU
	EndGlobalSection
	GlobalSection(SolutionProperties) = preSolution
		HideSolutionNode = FALSE
	EndGlobalSection
	GlobalSection(ExtensibilityGlobals) = postSolution
		SolutionGuid = {5346DBB0-087C-42CA-8FC5-5128956D83F0}
	EndGlobalSection
EndGlobal
